
Microsoft Visual Studio Solution File, Format Version 12.00
# Visual Studio Version 16
VisualStudioVersion = 16.0.28621.142
MinimumVisualStudioVersion = 10.0.40219.1
Project("{9A19103F-16F7-4668-BE54-9A1E7A4F7556}") = "ImageChart", "ImageChart\ImageChart.csproj", "{7C38C7E2-6795-4A62-8FB7-38DD5585C26B}"
EndProject
Project("{9A19103F-16F7-4668-BE54-9A1E7A4F7556}") = "sandbox", "sandbox\sandbox.csproj", "{A4599399-CB96-4CF4-BCC8-507889BDB99D}"
EndProject
Project("{2150E333-8FDC-42A3-9474-1A3956D46DE8}") = "Solution Items", "Solution Items", "{E0306A51-7B11-4358-A99A-F31996410571}"
	ProjectSection(SolutionItems) = preProject
		README.md = README.md
	EndProjectSection
EndProject
Global
	GlobalSection(SolutionConfigurationPlatforms) = preSolution
		Debug|Any CPU = Debug|Any CPU
		Release|Any CPU = Release|Any CPU
	EndGlobalSection
	GlobalSection(ProjectConfigurationPlatforms) = postSolution
		{7C38C7E2-6795-4A62-8FB7-38DD5585C26B}.Debug|Any CPU.ActiveCfg = Debug|Any CPU
		{7C38C7E2-6795-4A62-8FB7-38DD5585C26B}.Debug|Any CPU.Build.0 = Debug|Any CPU
		{7C38C7E2-6795-4A62-8FB7-38DD5585C26B}.Release|Any CPU.ActiveCfg = Release|Any CPU
		{7C38C7E2-6795-4A62-8FB7-38DD5585C26B}.Release|Any CPU.Build.0 = Release|Any CPU
		{A4599399-CB96-4CF4-BCC8-507889BDB99D}.Debug|Any CPU.ActiveCfg = Debug|Any CPU
		{A4599399-CB96-4CF4-BCC8-507889BDB99D}.Debug|Any CPU.Build.0 = Debug|Any CPU
		{A4599399-CB96-4CF4-BCC8-507889BDB99D}.Release|Any CPU.ActiveCfg = Release|Any CPU
		{A4599399-CB96-4CF4-BCC8-507889BDB99D}.Release|Any CPU.Build.0 = Release|Any CPU
	EndGlobalSection
	GlobalSection(SolutionProperties) = preSolution
		HideSolutionNode = FALSE
	EndGlobalSection
	GlobalSection(ExtensibilityGlobals) = postSolution
		SolutionGuid = {E41C4EF5-F8CF-41FE-B096-4DA1D2209099}
	EndGlobalSection
EndGlobal
