
Microsoft Visual Studio Solution File, Format Version 12.00
# Visual Studio 15
VisualStudioVersion = 15.0.28307.329
MinimumVisualStudioVersion = 10.0.40219.1
Project("{FAE04EC0-301F-11D3-BF4B-00C04F79EFBC}") = "ImageChart", "ImageChart\ImageChart.csproj", "{7C38C7E2-6795-4A62-8FB7-38DD5585C26B}"
EndProject
Global
	GlobalSection(SolutionConfigurationPlatforms) = preSolution
		Debug|Any CPU = Debug|Any CPU
		Release|Any CPU = Release|Any CPU
	EndGlobalSection
	GlobalSection(ProjectConfigurationPlatforms) = postSolution
		{7C38C7E2-6795-4A62-8FB7-38DD5585C26B}.Debug|Any CPU.ActiveCfg = Debug|Any CPU
		{7C38C7E2-6795-4A62-8FB7-38DD5585C26B}.Debug|Any CPU.Build.0 = Debug|Any CPU
		{7C38C7E2-6795-4A62-8FB7-38DD5585C26B}.Release|Any CPU.ActiveCfg = Release|Any CPU
		{7C38C7E2-6795-4A62-8FB7-38DD5585C26B}.Release|Any CPU.Build.0 = Release|Any CPU
	EndGlobalSection
	GlobalSection(SolutionProperties) = preSolution
		HideSolutionNode = FALSE
	EndGlobalSection
	GlobalSection(ExtensibilityGlobals) = postSolution
		SolutionGuid = {E41C4EF5-F8CF-41FE-B096-4DA1D2209099}
	EndGlobalSection
EndGlobal
